
Microsoft Visual Studio Solution File, Format Version 12.00
# Visual Studio Version 17
VisualStudioVersion = 17.11.35312.102
MinimumVisualStudioVersion = 10.0.40219.1
Project("{FAE04EC0-301F-11D3-BF4B-00C04F79EFBC}") = "DesafiosTarget", "DesafiosTarget.csproj", "{44A6D4EC-680F-42D6-B7E3-532CB6281DBB}"
EndProject
Global
	GlobalSection(SolutionConfigurationPlatforms) = preSolution
		Debug|Any CPU = Debug|Any CPU
		Release|Any CPU = Release|Any CPU
	EndGlobalSection
	GlobalSection(ProjectConfigurationPlatforms) = postSolution
		{44A6D4EC-680F-42D6-B7E3-532CB6281DBB}.Debug|Any CPU.ActiveCfg = Debug|Any CPU
		{44A6D4EC-680F-42D6-B7E3-532CB6281DBB}.Debug|Any CPU.Build.0 = Debug|Any CPU
		{44A6D4EC-680F-42D6-B7E3-532CB6281DBB}.Release|Any CPU.ActiveCfg = Release|Any CPU
		{44A6D4EC-680F-42D6-B7E3-532CB6281DBB}.Release|Any CPU.Build.0 = Release|Any CPU
	EndGlobalSection
	GlobalSection(SolutionProperties) = preSolution
		HideSolutionNode = FALSE
	EndGlobalSection
	GlobalSection(ExtensibilityGlobals) = postSolution
		SolutionGuid = {7037083B-4C70-423F-8B06-015F21D3FB42}
	EndGlobalSection
EndGlobal
